
Microsoft Visual Studio Solution File, Format Version 12.00
# Visual Studio Version 16
VisualStudioVersion = 16.0.30523.141
MinimumVisualStudioVersion = 10.0.40219.1
Project("{FAE04EC0-301F-11D3-BF4B-00C04F79EFBC}") = "NumeroFibonacci", "NumeroFibonacci\NumeroFibonacci.csproj", "{33C3E21A-BE5E-4327-A4AC-FC99856468F2}"
EndProject
Global
	GlobalSection(SolutionConfigurationPlatforms) = preSolution
		Debug|Any CPU = Debug|Any CPU
		Release|Any CPU = Release|Any CPU
	EndGlobalSection
	GlobalSection(ProjectConfigurationPlatforms) = postSolution
		{33C3E21A-BE5E-4327-A4AC-FC99856468F2}.Debug|Any CPU.ActiveCfg = Debug|Any CPU
		{33C3E21A-BE5E-4327-A4AC-FC99856468F2}.Debug|Any CPU.Build.0 = Debug|Any CPU
		{33C3E21A-BE5E-4327-A4AC-FC99856468F2}.Release|Any CPU.ActiveCfg = Release|Any CPU
		{33C3E21A-BE5E-4327-A4AC-FC99856468F2}.Release|Any CPU.Build.0 = Release|Any CPU
	EndGlobalSection
	GlobalSection(SolutionProperties) = preSolution
		HideSolutionNode = FALSE
	EndGlobalSection
	GlobalSection(ExtensibilityGlobals) = postSolution
		SolutionGuid = {1E0B732D-A31B-4157-9281-CC0312A1B804}
	EndGlobalSection
EndGlobal
